
Microsoft Visual Studio Solution File, Format Version 12.00
# Visual Studio 14
VisualStudioVersion = 14.0.25420.1
MinimumVisualStudioVersion = 10.0.40219.1
Project("{FAE04EC0-301F-11D3-BF4B-00C04F79EFBC}") = "MyYouTube", "WebApplication1\MyYouTube.csproj", "{84545340-3AEA-419C-AC15-38AB594AA6F2}"
EndProject
Project("{FAE04EC0-301F-11D3-BF4B-00C04F79EFBC}") = "VideoModel", "VideoModel\VideoModel.csproj", "{BACF3E0C-7781-40BC-8DC5-8C676AE3F804}"
EndProject
Project("{FAE04EC0-301F-11D3-BF4B-00C04F79EFBC}") = "DataAccess", "DataAccess\DataAccess.csproj", "{38E04338-906F-4E06-9618-AE835204817E}"
EndProject
Project("{FAE04EC0-301F-11D3-BF4B-00C04F79EFBC}") = "TestProject", "TestProject\TestProject.csproj", "{847EB94A-EEBD-44C0-937F-AD7FBC0DD7B5}"
EndProject
Project("{FAE04EC0-301F-11D3-BF4B-00C04F79EFBC}") = "MyYouTubeController", "MyYouTubeController\MyYouTubeController.csproj", "{E7A30674-FE81-4BCE-ABFF-E22E91890B31}"
EndProject
Global
	GlobalSection(SolutionConfigurationPlatforms) = preSolution
		Debug|Any CPU = Debug|Any CPU
		Release|Any CPU = Release|Any CPU
	EndGlobalSection
	GlobalSection(ProjectConfigurationPlatforms) = postSolution
		{84545340-3AEA-419C-AC15-38AB594AA6F2}.Debug|Any CPU.ActiveCfg = Debug|Any CPU
		{84545340-3AEA-419C-AC15-38AB594AA6F2}.Debug|Any CPU.Build.0 = Debug|Any CPU
		{84545340-3AEA-419C-AC15-38AB594AA6F2}.Release|Any CPU.ActiveCfg = Release|Any CPU
		{84545340-3AEA-419C-AC15-38AB594AA6F2}.Release|Any CPU.Build.0 = Release|Any CPU
		{BACF3E0C-7781-40BC-8DC5-8C676AE3F804}.Debug|Any CPU.ActiveCfg = Debug|Any CPU
		{BACF3E0C-7781-40BC-8DC5-8C676AE3F804}.Debug|Any CPU.Build.0 = Debug|Any CPU
		{BACF3E0C-7781-40BC-8DC5-8C676AE3F804}.Release|Any CPU.ActiveCfg = Release|Any CPU
		{BACF3E0C-7781-40BC-8DC5-8C676AE3F804}.Release|Any CPU.Build.0 = Release|Any CPU
		{38E04338-906F-4E06-9618-AE835204817E}.Debug|Any CPU.ActiveCfg = Debug|Any CPU
		{38E04338-906F-4E06-9618-AE835204817E}.Debug|Any CPU.Build.0 = Debug|Any CPU
		{38E04338-906F-4E06-9618-AE835204817E}.Release|Any CPU.ActiveCfg = Release|Any CPU
		{38E04338-906F-4E06-9618-AE835204817E}.Release|Any CPU.Build.0 = Release|Any CPU
		{847EB94A-EEBD-44C0-937F-AD7FBC0DD7B5}.Debug|Any CPU.ActiveCfg = Debug|Any CPU
		{847EB94A-EEBD-44C0-937F-AD7FBC0DD7B5}.Debug|Any CPU.Build.0 = Debug|Any CPU
		{847EB94A-EEBD-44C0-937F-AD7FBC0DD7B5}.Release|Any CPU.ActiveCfg = Release|Any CPU
		{847EB94A-EEBD-44C0-937F-AD7FBC0DD7B5}.Release|Any CPU.Build.0 = Release|Any CPU
		{E7A30674-FE81-4BCE-ABFF-E22E91890B31}.Debug|Any CPU.ActiveCfg = Debug|Any CPU
		{E7A30674-FE81-4BCE-ABFF-E22E91890B31}.Debug|Any CPU.Build.0 = Debug|Any CPU
		{E7A30674-FE81-4BCE-ABFF-E22E91890B31}.Release|Any CPU.ActiveCfg = Release|Any CPU
		{E7A30674-FE81-4BCE-ABFF-E22E91890B31}.Release|Any CPU.Build.0 = Release|Any CPU
	EndGlobalSection
	GlobalSection(SolutionProperties) = preSolution
		HideSolutionNode = FALSE
	EndGlobalSection
EndGlobal
